Microsoft Visual Studio Solution File, Format Version 12.00
# Visual Studio Version 16
VisualStudioVersion = 16.0.0.0
MinimumVisualStudioVersion = 16.0.0.0
Project("{9A19103F-16F7-4668-BE54-9A1E7A4F7556}") = "CrAgPeliculas.App.Server", "Server\CrAgPeliculas.App.Server.csproj", "{8A210462-1930-431A-8CB1-F2D02A48A0BB}"
EndProject
Project("{9A19103F-16F7-4668-BE54-9A1E7A4F7556}") = "CrAgPeliculas.App.Client", "Client\CrAgPeliculas.App.Client.csproj", "{DA6311EF-E1BC-4C79-ACE2-37B7C44E0CAF}"
EndProject
Project("{9A19103F-16F7-4668-BE54-9A1E7A4F7556}") = "CrAgPeliculas.App.Shared", "Shared\CrAgPeliculas.App.Shared.csproj", "{EEDE8BDA-11F5-42BD-8CE5-C79AF0120FDB}"
EndProject
Global
	GlobalSection(SolutionConfigurationPlatforms) = preSolution
		Debug|Any CPU = Debug|Any CPU
		Debug|x64 = Debug|x64
		Debug|x86 = Debug|x86
		Release|Any CPU = Release|Any CPU
		Release|x64 = Release|x64
		Release|x86 = Release|x86
	EndGlobalSection
	GlobalSection(ProjectConfigurationPlatforms) = postSolution
		{8A210462-1930-431A-8CB1-F2D02A48A0BB}.Debug|Any CPU.ActiveCfg = Debug|Any CPU
		{8A210462-1930-431A-8CB1-F2D02A48A0BB}.Debug|Any CPU.Build.0 = Debug|Any CPU
		{8A210462-1930-431A-8CB1-F2D02A48A0BB}.Debug|x64.ActiveCfg = Debug|Any CPU
		{8A210462-1930-431A-8CB1-F2D02A48A0BB}.Debug|x64.Build.0 = Debug|Any CPU
		{8A210462-1930-431A-8CB1-F2D02A48A0BB}.Debug|x86.ActiveCfg = Debug|Any CPU
		{8A210462-1930-431A-8CB1-F2D02A48A0BB}.Debug|x86.Build.0 = Debug|Any CPU
		{8A210462-1930-431A-8CB1-F2D02A48A0BB}.Release|Any CPU.ActiveCfg = Release|Any CPU
		{8A210462-1930-431A-8CB1-F2D02A48A0BB}.Release|Any CPU.Build.0 = Release|Any CPU
		{8A210462-1930-431A-8CB1-F2D02A48A0BB}.Release|x64.ActiveCfg = Release|Any CPU
		{8A210462-1930-431A-8CB1-F2D02A48A0BB}.Release|x64.Build.0 = Release|Any CPU
		{8A210462-1930-431A-8CB1-F2D02A48A0BB}.Release|x86.ActiveCfg = Release|Any CPU
		{8A210462-1930-431A-8CB1-F2D02A48A0BB}.Release|x86.Build.0 = Release|Any CPU
		{DA6311EF-E1BC-4C79-ACE2-37B7C44E0CAF}.Debug|Any CPU.ActiveCfg = Debug|Any CPU
		{DA6311EF-E1BC-4C79-ACE2-37B7C44E0CAF}.Debug|Any CPU.Build.0 = Debug|Any CPU
		{DA6311EF-E1BC-4C79-ACE2-37B7C44E0CAF}.Debug|x64.ActiveCfg = Debug|Any CPU
		{DA6311EF-E1BC-4C79-ACE2-37B7C44E0CAF}.Debug|x64.Build.0 = Debug|Any CPU
		{DA6311EF-E1BC-4C79-ACE2-37B7C44E0CAF}.Debug|x86.ActiveCfg = Debug|Any CPU
		{DA6311EF-E1BC-4C79-ACE2-37B7C44E0CAF}.Debug|x86.Build.0 = Debug|Any CPU
		{DA6311EF-E1BC-4C79-ACE2-37B7C44E0CAF}.Release|Any CPU.ActiveCfg = Release|Any CPU
		{DA6311EF-E1BC-4C79-ACE2-37B7C44E0CAF}.Release|Any CPU.Build.0 = Release|Any CPU
		{DA6311EF-E1BC-4C79-ACE2-37B7C44E0CAF}.Release|x64.ActiveCfg = Release|Any CPU
		{DA6311EF-E1BC-4C79-ACE2-37B7C44E0CAF}.Release|x64.Build.0 = Release|Any CPU
		{DA6311EF-E1BC-4C79-ACE2-37B7C44E0CAF}.Release|x86.ActiveCfg = Release|Any CPU
		{DA6311EF-E1BC-4C79-ACE2-37B7C44E0CAF}.Release|x86.Build.0 = Release|Any CPU
		{EEDE8BDA-11F5-42BD-8CE5-C79AF0120FDB}.Debug|Any CPU.ActiveCfg = Debug|Any CPU
		{EEDE8BDA-11F5-42BD-8CE5-C79AF0120FDB}.Debug|Any CPU.Build.0 = Debug|Any CPU
		{EEDE8BDA-11F5-42BD-8CE5-C79AF0120FDB}.Debug|x64.ActiveCfg = Debug|Any CPU
		{EEDE8BDA-11F5-42BD-8CE5-C79AF0120FDB}.Debug|x64.Build.0 = Debug|Any CPU
		{EEDE8BDA-11F5-42BD-8CE5-C79AF0120FDB}.Debug|x86.ActiveCfg = Debug|Any CPU
		{EEDE8BDA-11F5-42BD-8CE5-C79AF0120FDB}.Debug|x86.Build.0 = Debug|Any CPU
		{EEDE8BDA-11F5-42BD-8CE5-C79AF0120FDB}.Release|Any CPU.ActiveCfg = Release|Any CPU
		{EEDE8BDA-11F5-42BD-8CE5-C79AF0120FDB}.Release|Any CPU.Build.0 = Release|Any CPU
		{EEDE8BDA-11F5-42BD-8CE5-C79AF0120FDB}.Release|x64.ActiveCfg = Release|Any CPU
		{EEDE8BDA-11F5-42BD-8CE5-C79AF0120FDB}.Release|x64.Build.0 = Release|Any CPU
		{EEDE8BDA-11F5-42BD-8CE5-C79AF0120FDB}.Release|x86.ActiveCfg = Release|Any CPU
		{EEDE8BDA-11F5-42BD-8CE5-C79AF0120FDB}.Release|x86.Build.0 = Release|Any CPU
	EndGlobalSection
	GlobalSection(SolutionProperties) = preSolution
		HideSolutionNode = FALSE
	EndGlobalSection
	GlobalSection(ExtensibilityGlobals) = postSolution
		SolutionGuid = {752A3636-1C1B-4A4E-BCF8-01EC6AB29DD0}
	EndGlobalSection
EndGlobal
